
Microsoft Visual Studio Solution File, Format Version 12.00
# Visual Studio 15
VisualStudioVersion = 15.0.28307.329
MinimumVisualStudioVersion = 10.0.40219.1
Project("{8BC9CEB8-8B4A-11D0-8D11-00A0C91BC942}") = "ConsoleApplication12", "ConsoleApplication12\ConsoleApplication12.vcxproj", "{07889F0C-E216-4371-B062-6658D111B1E1}"
EndProject
Global
	GlobalSection(SolutionConfigurationPlatforms) = preSolution
		Debug|x64 = Debug|x64
		Debug|x86 = Debug|x86
		Release|x64 = Release|x64
		Release|x86 = Release|x86
	EndGlobalSection
	GlobalSection(ProjectConfigurationPlatforms) = postSolution
		{07889F0C-E216-4371-B062-6658D111B1E1}.Debug|x64.ActiveCfg = Debug|x64
		{07889F0C-E216-4371-B062-6658D111B1E1}.Debug|x64.Build.0 = Debug|x64
		{07889F0C-E216-4371-B062-6658D111B1E1}.Debug|x86.ActiveCfg = Debug|Win32
		{07889F0C-E216-4371-B062-6658D111B1E1}.Debug|x86.Build.0 = Debug|Win32
		{07889F0C-E216-4371-B062-6658D111B1E1}.Release|x64.ActiveCfg = Release|x64
		{07889F0C-E216-4371-B062-6658D111B1E1}.Release|x64.Build.0 = Release|x64
		{07889F0C-E216-4371-B062-6658D111B1E1}.Release|x86.ActiveCfg = Release|Win32
		{07889F0C-E216-4371-B062-6658D111B1E1}.Release|x86.Build.0 = Release|Win32
	EndGlobalSection
	GlobalSection(SolutionProperties) = preSolution
		HideSolutionNode = FALSE
	EndGlobalSection
	GlobalSection(ExtensibilityGlobals) = postSolution
		SolutionGuid = {D36C583F-B53A-4B26-B26F-3000F8AF0FC3}
	EndGlobalSection
EndGlobal
