
Microsoft Visual Studio Solution File, Format Version 12.00
# Visual Studio 15
VisualStudioVersion = 15.0.28307.329
MinimumVisualStudioVersion = 10.0.40219.1
Project("{8BC9CEB8-8B4A-11D0-8D11-00A0C91BC942}") = "ConsoleApplication32", "ConsoleApplication32\ConsoleApplication32.vcxproj", "{918E442E-9924-4400-8D64-391A004EBE0C}"
EndProject
Global
	GlobalSection(SolutionConfigurationPlatforms) = preSolution
		Debug|x64 = Debug|x64
		Debug|x86 = Debug|x86
		Release|x64 = Release|x64
		Release|x86 = Release|x86
	EndGlobalSection
	GlobalSection(ProjectConfigurationPlatforms) = postSolution
		{918E442E-9924-4400-8D64-391A004EBE0C}.Debug|x64.ActiveCfg = Debug|x64
		{918E442E-9924-4400-8D64-391A004EBE0C}.Debug|x64.Build.0 = Debug|x64
		{918E442E-9924-4400-8D64-391A004EBE0C}.Debug|x86.ActiveCfg = Debug|Win32
		{918E442E-9924-4400-8D64-391A004EBE0C}.Debug|x86.Build.0 = Debug|Win32
		{918E442E-9924-4400-8D64-391A004EBE0C}.Release|x64.ActiveCfg = Release|x64
		{918E442E-9924-4400-8D64-391A004EBE0C}.Release|x64.Build.0 = Release|x64
		{918E442E-9924-4400-8D64-391A004EBE0C}.Release|x86.ActiveCfg = Release|Win32
		{918E442E-9924-4400-8D64-391A004EBE0C}.Release|x86.Build.0 = Release|Win32
	EndGlobalSection
	GlobalSection(SolutionProperties) = preSolution
		HideSolutionNode = FALSE
	EndGlobalSection
	GlobalSection(ExtensibilityGlobals) = postSolution
		SolutionGuid = {1AB969AA-A39D-48BF-9F6D-A2C1FC9539B2}
	EndGlobalSection
EndGlobal
