
Microsoft Visual Studio Solution File, Format Version 12.00
# Visual Studio 15
VisualStudioVersion = 15.0.28307.329
MinimumVisualStudioVersion = 10.0.40219.1
Project("{8BC9CEB8-8B4A-11D0-8D11-00A0C91BC942}") = "ConsoleApplication48", "ConsoleApplication48\ConsoleApplication48.vcxproj", "{1623D5F9-6330-4F3A-95AC-A0F45B5F4370}"
EndProject
Global
	GlobalSection(SolutionConfigurationPlatforms) = preSolution
		Debug|x64 = Debug|x64
		Debug|x86 = Debug|x86
		Release|x64 = Release|x64
		Release|x86 = Release|x86
	EndGlobalSection
	GlobalSection(ProjectConfigurationPlatforms) = postSolution
		{1623D5F9-6330-4F3A-95AC-A0F45B5F4370}.Debug|x64.ActiveCfg = Debug|x64
		{1623D5F9-6330-4F3A-95AC-A0F45B5F4370}.Debug|x64.Build.0 = Debug|x64
		{1623D5F9-6330-4F3A-95AC-A0F45B5F4370}.Debug|x86.ActiveCfg = Debug|Win32
		{1623D5F9-6330-4F3A-95AC-A0F45B5F4370}.Debug|x86.Build.0 = Debug|Win32
		{1623D5F9-6330-4F3A-95AC-A0F45B5F4370}.Release|x64.ActiveCfg = Release|x64
		{1623D5F9-6330-4F3A-95AC-A0F45B5F4370}.Release|x64.Build.0 = Release|x64
		{1623D5F9-6330-4F3A-95AC-A0F45B5F4370}.Release|x86.ActiveCfg = Release|Win32
		{1623D5F9-6330-4F3A-95AC-A0F45B5F4370}.Release|x86.Build.0 = Release|Win32
	EndGlobalSection
	GlobalSection(SolutionProperties) = preSolution
		HideSolutionNode = FALSE
	EndGlobalSection
	GlobalSection(ExtensibilityGlobals) = postSolution
		SolutionGuid = {DA38C4B9-BF2C-4554-9F40-35B818BDAC11}
	EndGlobalSection
EndGlobal
