
Microsoft Visual Studio Solution File, Format Version 12.00
# Visual Studio 15
VisualStudioVersion = 15.0.28307.329
MinimumVisualStudioVersion = 10.0.40219.1
Project("{8BC9CEB8-8B4A-11D0-8D11-00A0C91BC942}") = "ConsoleApplication47", "ConsoleApplication47\ConsoleApplication47.vcxproj", "{0DF2725E-52C1-4397-A08B-AA55791C2CC1}"
EndProject
Global
	GlobalSection(SolutionConfigurationPlatforms) = preSolution
		Debug|x64 = Debug|x64
		Debug|x86 = Debug|x86
		Release|x64 = Release|x64
		Release|x86 = Release|x86
	EndGlobalSection
	GlobalSection(ProjectConfigurationPlatforms) = postSolution
		{0DF2725E-52C1-4397-A08B-AA55791C2CC1}.Debug|x64.ActiveCfg = Debug|x64
		{0DF2725E-52C1-4397-A08B-AA55791C2CC1}.Debug|x64.Build.0 = Debug|x64
		{0DF2725E-52C1-4397-A08B-AA55791C2CC1}.Debug|x86.ActiveCfg = Debug|Win32
		{0DF2725E-52C1-4397-A08B-AA55791C2CC1}.Debug|x86.Build.0 = Debug|Win32
		{0DF2725E-52C1-4397-A08B-AA55791C2CC1}.Release|x64.ActiveCfg = Release|x64
		{0DF2725E-52C1-4397-A08B-AA55791C2CC1}.Release|x64.Build.0 = Release|x64
		{0DF2725E-52C1-4397-A08B-AA55791C2CC1}.Release|x86.ActiveCfg = Release|Win32
		{0DF2725E-52C1-4397-A08B-AA55791C2CC1}.Release|x86.Build.0 = Release|Win32
	EndGlobalSection
	GlobalSection(SolutionProperties) = preSolution
		HideSolutionNode = FALSE
	EndGlobalSection
	GlobalSection(ExtensibilityGlobals) = postSolution
		SolutionGuid = {E624F5D1-0CFD-434E-92C4-CA91EBAB2798}
	EndGlobalSection
EndGlobal
