
Microsoft Visual Studio Solution File, Format Version 12.00
# Visual Studio 15
VisualStudioVersion = 15.0.28307.329
MinimumVisualStudioVersion = 10.0.40219.1
Project("{8BC9CEB8-8B4A-11D0-8D11-00A0C91BC942}") = "ConsoleApplication36", "ConsoleApplication36\ConsoleApplication36.vcxproj", "{FDF0EAD9-27FA-4FB7-A423-F0D153086528}"
EndProject
Global
	GlobalSection(SolutionConfigurationPlatforms) = preSolution
		Debug|x64 = Debug|x64
		Debug|x86 = Debug|x86
		Release|x64 = Release|x64
		Release|x86 = Release|x86
	EndGlobalSection
	GlobalSection(ProjectConfigurationPlatforms) = postSolution
		{FDF0EAD9-27FA-4FB7-A423-F0D153086528}.Debug|x64.ActiveCfg = Debug|x64
		{FDF0EAD9-27FA-4FB7-A423-F0D153086528}.Debug|x64.Build.0 = Debug|x64
		{FDF0EAD9-27FA-4FB7-A423-F0D153086528}.Debug|x86.ActiveCfg = Debug|Win32
		{FDF0EAD9-27FA-4FB7-A423-F0D153086528}.Debug|x86.Build.0 = Debug|Win32
		{FDF0EAD9-27FA-4FB7-A423-F0D153086528}.Release|x64.ActiveCfg = Release|x64
		{FDF0EAD9-27FA-4FB7-A423-F0D153086528}.Release|x64.Build.0 = Release|x64
		{FDF0EAD9-27FA-4FB7-A423-F0D153086528}.Release|x86.ActiveCfg = Release|Win32
		{FDF0EAD9-27FA-4FB7-A423-F0D153086528}.Release|x86.Build.0 = Release|Win32
	EndGlobalSection
	GlobalSection(SolutionProperties) = preSolution
		HideSolutionNode = FALSE
	EndGlobalSection
	GlobalSection(ExtensibilityGlobals) = postSolution
		SolutionGuid = {6773E4CD-C238-41F2-92DB-EA2BADE18ABD}
	EndGlobalSection
EndGlobal
